
Microsoft Visual Studio Solution File, Format Version 12.00
# Visual Studio 2012
Project("{FAE04EC0-301F-11D3-BF4B-00C04F79EFBC}") = "UI", "UI\UI.csproj", "{44B613D4-65D4-4B6B-8153-9AFB7A747CB9}"
EndProject
Project("{FAE04EC0-301F-11D3-BF4B-00C04F79EFBC}") = "GetNetDataTest", "GetNetData\GetNetDataTest\GetNetDataTest.csproj", "{09CAC930-7714-46B2-8852-AA92764F8F04}"
EndProject
Project("{FAE04EC0-301F-11D3-BF4B-00C04F79EFBC}") = "UITestProject", "UITestProject\UITestProject.csproj", "{6E0B0E53-5BB2-493B-A67B-148A2FEDD309}"
EndProject
Global
	GlobalSection(SolutionConfigurationPlatforms) = preSolution
		Debug|Any CPU = Debug|Any CPU
		Release|Any CPU = Release|Any CPU
	EndGlobalSection
	GlobalSection(ProjectConfigurationPlatforms) = postSolution
		{44B613D4-65D4-4B6B-8153-9AFB7A747CB9}.Debug|Any CPU.ActiveCfg = Debug|Any CPU
		{44B613D4-65D4-4B6B-8153-9AFB7A747CB9}.Debug|Any CPU.Build.0 = Debug|Any CPU
		{44B613D4-65D4-4B6B-8153-9AFB7A747CB9}.Release|Any CPU.ActiveCfg = Release|Any CPU
		{44B613D4-65D4-4B6B-8153-9AFB7A747CB9}.Release|Any CPU.Build.0 = Release|Any CPU
		{09CAC930-7714-46B2-8852-AA92764F8F04}.Debug|Any CPU.ActiveCfg = Debug|Any CPU
		{09CAC930-7714-46B2-8852-AA92764F8F04}.Debug|Any CPU.Build.0 = Debug|Any CPU
		{09CAC930-7714-46B2-8852-AA92764F8F04}.Release|Any CPU.ActiveCfg = Release|Any CPU
		{09CAC930-7714-46B2-8852-AA92764F8F04}.Release|Any CPU.Build.0 = Release|Any CPU
		{6E0B0E53-5BB2-493B-A67B-148A2FEDD309}.Debug|Any CPU.ActiveCfg = Debug|Any CPU
		{6E0B0E53-5BB2-493B-A67B-148A2FEDD309}.Debug|Any CPU.Build.0 = Debug|Any CPU
		{6E0B0E53-5BB2-493B-A67B-148A2FEDD309}.Release|Any CPU.ActiveCfg = Release|Any CPU
		{6E0B0E53-5BB2-493B-A67B-148A2FEDD309}.Release|Any CPU.Build.0 = Release|Any CPU
	EndGlobalSection
	GlobalSection(SolutionProperties) = preSolution
		HideSolutionNode = FALSE
	EndGlobalSection
EndGlobal
